
Microsoft Visual Studio Solution File, Format Version 12.00
# Visual Studio Version 16
VisualStudioVersion = 16.0.30804.86
MinimumVisualStudioVersion = 10.0.40219.1
Project("{2150E333-8FDC-42A3-9474-1A3956D46DE8}") = "SharedKernel", "SharedKernel", "{576D6066-B3D3-495C-A99A-63CC0CF338AB}"
EndProject
Project("{2150E333-8FDC-42A3-9474-1A3956D46DE8}") = "Apps", "Apps", "{311766A3-4CBF-45F6-B9A5-841CF9D2C26D}"
EndProject
Project("{9A19103F-16F7-4668-BE54-9A1E7A4F7556}") = "XCoffee.Core", "src\XCoffee.Core\XCoffee.Core.csproj", "{92F0369A-E34D-4AA0-846F-B05A94AB4F6D}"
EndProject
Project("{2150E333-8FDC-42A3-9474-1A3956D46DE8}") = "Services", "Services", "{3D687086-9701-4453-8003-27762F78E29A}"
EndProject
Project("{2150E333-8FDC-42A3-9474-1A3956D46DE8}") = "Ordering", "Ordering", "{6DA792B1-161F-4204-B070-B6C0BD0A81F6}"
EndProject
Project("{9A19103F-16F7-4668-BE54-9A1E7A4F7556}") = "XCoffee.Ordering.Domain", "src\XCoffee.Ordering.Domain\XCoffee.Ordering.Domain.csproj", "{AA6EBDF8-41D3-4AE6-A162-F8E3F1DADC9F}"
EndProject
Project("{9A19103F-16F7-4668-BE54-9A1E7A4F7556}") = "XCoffee.Ordering.Data", "src\XCoffee.Ordering.Data\XCoffee.Ordering.Data.csproj", "{65295712-761E-4BD0-8152-32A055B78C81}"
EndProject
Project("{9A19103F-16F7-4668-BE54-9A1E7A4F7556}") = "XCoffee.Ordering.Infrastructure", "src\XCoffee.Ordering.Infrastructure\XCoffee.Ordering.Infrastructure.csproj", "{EBF5D2FC-6937-4703-9DAD-BDF5F5F875C0}"
EndProject
Project("{9A19103F-16F7-4668-BE54-9A1E7A4F7556}") = "XCoffee.Web", "src\XCoffee.Web\XCoffee.Web.csproj", "{2B6D1BAF-0503-4E4C-8787-AF1D94364AA8}"
EndProject
Global
	GlobalSection(SolutionConfigurationPlatforms) = preSolution
		Debug|Any CPU = Debug|Any CPU
		Release|Any CPU = Release|Any CPU
	EndGlobalSection
	GlobalSection(ProjectConfigurationPlatforms) = postSolution
		{92F0369A-E34D-4AA0-846F-B05A94AB4F6D}.Debug|Any CPU.ActiveCfg = Debug|Any CPU
		{92F0369A-E34D-4AA0-846F-B05A94AB4F6D}.Debug|Any CPU.Build.0 = Debug|Any CPU
		{92F0369A-E34D-4AA0-846F-B05A94AB4F6D}.Release|Any CPU.ActiveCfg = Release|Any CPU
		{92F0369A-E34D-4AA0-846F-B05A94AB4F6D}.Release|Any CPU.Build.0 = Release|Any CPU
		{AA6EBDF8-41D3-4AE6-A162-F8E3F1DADC9F}.Debug|Any CPU.ActiveCfg = Debug|Any CPU
		{AA6EBDF8-41D3-4AE6-A162-F8E3F1DADC9F}.Debug|Any CPU.Build.0 = Debug|Any CPU
		{AA6EBDF8-41D3-4AE6-A162-F8E3F1DADC9F}.Release|Any CPU.ActiveCfg = Release|Any CPU
		{AA6EBDF8-41D3-4AE6-A162-F8E3F1DADC9F}.Release|Any CPU.Build.0 = Release|Any CPU
		{65295712-761E-4BD0-8152-32A055B78C81}.Debug|Any CPU.ActiveCfg = Debug|Any CPU
		{65295712-761E-4BD0-8152-32A055B78C81}.Debug|Any CPU.Build.0 = Debug|Any CPU
		{65295712-761E-4BD0-8152-32A055B78C81}.Release|Any CPU.ActiveCfg = Release|Any CPU
		{65295712-761E-4BD0-8152-32A055B78C81}.Release|Any CPU.Build.0 = Release|Any CPU
		{EBF5D2FC-6937-4703-9DAD-BDF5F5F875C0}.Debug|Any CPU.ActiveCfg = Debug|Any CPU
		{EBF5D2FC-6937-4703-9DAD-BDF5F5F875C0}.Debug|Any CPU.Build.0 = Debug|Any CPU
		{EBF5D2FC-6937-4703-9DAD-BDF5F5F875C0}.Release|Any CPU.ActiveCfg = Release|Any CPU
		{EBF5D2FC-6937-4703-9DAD-BDF5F5F875C0}.Release|Any CPU.Build.0 = Release|Any CPU
		{2B6D1BAF-0503-4E4C-8787-AF1D94364AA8}.Debug|Any CPU.ActiveCfg = Debug|Any CPU
		{2B6D1BAF-0503-4E4C-8787-AF1D94364AA8}.Debug|Any CPU.Build.0 = Debug|Any CPU
		{2B6D1BAF-0503-4E4C-8787-AF1D94364AA8}.Release|Any CPU.ActiveCfg = Release|Any CPU
		{2B6D1BAF-0503-4E4C-8787-AF1D94364AA8}.Release|Any CPU.Build.0 = Release|Any CPU
	EndGlobalSection
	GlobalSection(SolutionProperties) = preSolution
		HideSolutionNode = FALSE
	EndGlobalSection
	GlobalSection(NestedProjects) = preSolution
		{92F0369A-E34D-4AA0-846F-B05A94AB4F6D} = {576D6066-B3D3-495C-A99A-63CC0CF338AB}
		{6DA792B1-161F-4204-B070-B6C0BD0A81F6} = {3D687086-9701-4453-8003-27762F78E29A}
		{AA6EBDF8-41D3-4AE6-A162-F8E3F1DADC9F} = {6DA792B1-161F-4204-B070-B6C0BD0A81F6}
		{65295712-761E-4BD0-8152-32A055B78C81} = {6DA792B1-161F-4204-B070-B6C0BD0A81F6}
		{EBF5D2FC-6937-4703-9DAD-BDF5F5F875C0} = {6DA792B1-161F-4204-B070-B6C0BD0A81F6}
		{2B6D1BAF-0503-4E4C-8787-AF1D94364AA8} = {311766A3-4CBF-45F6-B9A5-841CF9D2C26D}
	EndGlobalSection
	GlobalSection(ExtensibilityGlobals) = postSolution
		SolutionGuid = {14D7546C-BF71-4F5E-86B0-2A180511A62A}
	EndGlobalSection
EndGlobal
